
Microsoft Visual Studio Solution File, Format Version 12.00
# Visual Studio Version 17
VisualStudioVersion = 17.14.36705.20 d17.14
MinimumVisualStudioVersion = 10.0.40219.1
Project("{FAE04EC0-301F-11D3-BF4B-00C04F79EFBC}") = "DbMigration", "DbMigration\DbMigration.csproj", "{328E0B41-775E-4942-B8B8-B3FBA4B8DE6C}"
EndProject
Global
	GlobalSection(SolutionConfigurationPlatforms) = preSolution
		Debug|Any CPU = Debug|Any CPU
		Release|Any CPU = Release|Any CPU
	EndGlobalSection
	GlobalSection(ProjectConfigurationPlatforms) = postSolution
		{328E0B41-775E-4942-B8B8-B3FBA4B8DE6C}.Debug|Any CPU.ActiveCfg = Debug|Any CPU
		{328E0B41-775E-4942-B8B8-B3FBA4B8DE6C}.Debug|Any CPU.Build.0 = Debug|Any CPU
		{328E0B41-775E-4942-B8B8-B3FBA4B8DE6C}.Release|Any CPU.ActiveCfg = Release|Any CPU
		{328E0B41-775E-4942-B8B8-B3FBA4B8DE6C}.Release|Any CPU.Build.0 = Release|Any CPU
	EndGlobalSection
	GlobalSection(SolutionProperties) = preSolution
		HideSolutionNode = FALSE
	EndGlobalSection
	GlobalSection(ExtensibilityGlobals) = postSolution
		SolutionGuid = {EA7AFD8E-DF1D-441A-8395-38EB0800E2EF}
	EndGlobalSection
EndGlobal
